
Microsoft Visual Studio Solution File, Format Version 12.00
Project("{FAE04EC0-301F-11D3-BF4B-00C04F79EFBC}") = "ConfPlan.Client", "ConfPlan.Client\ConfPlan.Client.csproj", "{7EE6B61C-5CAA-4A81-96B6-54F50EECEBB2}"
EndProject
Project("{FAE04EC0-301F-11D3-BF4B-00C04F79EFBC}") = "ConfPlan.Api", "ConfPlan.Api\ConfPlan.Api.csproj", "{98A6814E-896D-4B00-A51B-C4C6C646B0D6}"
EndProject
Project("{FAE04EC0-301F-11D3-BF4B-00C04F79EFBC}") = "ConfPlan.Shared", "ConfPlan.Shared\ConfPlan.Shared.csproj", "{0819FB76-EE4F-40DA-BF7B-922536A5FBB5}"
EndProject
Global
	GlobalSection(SolutionConfigurationPlatforms) = preSolution
		Debug|Any CPU = Debug|Any CPU
		Release|Any CPU = Release|Any CPU
	EndGlobalSection
	GlobalSection(ProjectConfigurationPlatforms) = postSolution
		{7EE6B61C-5CAA-4A81-96B6-54F50EECEBB2}.Debug|Any CPU.ActiveCfg = Debug|Any CPU
		{7EE6B61C-5CAA-4A81-96B6-54F50EECEBB2}.Debug|Any CPU.Build.0 = Debug|Any CPU
		{7EE6B61C-5CAA-4A81-96B6-54F50EECEBB2}.Release|Any CPU.ActiveCfg = Release|Any CPU
		{7EE6B61C-5CAA-4A81-96B6-54F50EECEBB2}.Release|Any CPU.Build.0 = Release|Any CPU
		{98A6814E-896D-4B00-A51B-C4C6C646B0D6}.Debug|Any CPU.ActiveCfg = Debug|Any CPU
		{98A6814E-896D-4B00-A51B-C4C6C646B0D6}.Debug|Any CPU.Build.0 = Debug|Any CPU
		{98A6814E-896D-4B00-A51B-C4C6C646B0D6}.Release|Any CPU.ActiveCfg = Release|Any CPU
		{98A6814E-896D-4B00-A51B-C4C6C646B0D6}.Release|Any CPU.Build.0 = Release|Any CPU
		{0819FB76-EE4F-40DA-BF7B-922536A5FBB5}.Debug|Any CPU.ActiveCfg = Debug|Any CPU
		{0819FB76-EE4F-40DA-BF7B-922536A5FBB5}.Debug|Any CPU.Build.0 = Debug|Any CPU
		{0819FB76-EE4F-40DA-BF7B-922536A5FBB5}.Release|Any CPU.ActiveCfg = Release|Any CPU
		{0819FB76-EE4F-40DA-BF7B-922536A5FBB5}.Release|Any CPU.Build.0 = Release|Any CPU
	EndGlobalSection
EndGlobal
